// !$*UTF8*$!
{
	archiveVersion = 1;
	classes = {
	};
	objectVersion = 48;
	objects = {

/* Begin PBXBuildFile section */
		A6614CB020A5645800F4B9B0 /* AppDelegate.swift in Sources */ = {isa = PBXBuildFile; fileRef = A6614CAF20A5645800F4B9B0 /* AppDelegate.swift */; };
		A6614CB220A5645800F4B9B0 /* ViewController.swift in Sources */ = {isa = PBXBuildFile; fileRef = A6614CB120A5645800F4B9B0 /* ViewController.swift */; };
		A6614CB520A5645800F4B9B0 /* Main.storyboard in Resources */ = {isa = PBXBuildFile; fileRef = A6614CB320A5645800F4B9B0 /* Main.storyboard */; };
		A6614CB720A5645800F4B9B0 /* Assets.xcassets in Resources */ = {isa = PBXBuildFile; fileRef = A6614CB620A5645800F4B9B0 /* Assets.xcassets */; };
		A6614CBA20A5645800F4B9B0 /* LaunchScreen.storyboard in Resources */ = {isa = PBXBuildFile; fileRef = A6614CB820A5645800F4B9B0 /* LaunchScreen.storyboard */; };
/* End PBXBuildFile section */

/* Begin PBXFileReference section */
		A6614CAC20A5645800F4B9B0 /* Fickle - Trending Chat App.app */ = {isa = PBXFileReference; explicitFileType = wrapper.application; includeInIndex = 0; path = "Fickle - Trending Chat App.app"; sourceTree = BUILT_PRODUCTS_DIR; };
		A6614CAF20A5645800F4B9B0 /* AppDelegate.swift */ = {isa = PBXFileReference; lastKnownFileType = sourcecode.swift; path = AppDelegate.swift; sourceTree = "<group>"; };
		A6614CB120A5645800F4B9B0 /* ViewController.swift */ = {isa = PBXFileReference; lastKnownFileType = sourcecode.swift; path = ViewController.swift; sourceTree = "<group>"; };
		A6614CB420A5645800F4B9B0 /* Base */ = {isa = PBXFileReference; lastKnownFileType = file.storyboard; name = Base; path = Base.lproj/Main.storyboard; sourceTree = "<group>"; };
		A6614CB620A5645800F4B9B0 /* Assets.xcassets */ = {isa = PBXFileReference; lastKnownFileType = folder.assetcatalog; path = Assets.xcassets; sourceTree = "<group>"; };
		A6614CB920A5645800F4B9B0 /* Base */ = {isa = PBXFileReference; lastKnownFileType = file.storyboard; name = Base; path = Base.lproj/LaunchScreen.storyboard; sourceTree = "<group>"; };
		A6614CBB20A5645800F4B9B0 /* Info.plist */ = {isa = PBXFileReference; lastKnownFileType = text.plist.xml; path = Info.plist; sourceTree = "<group>"; };
/* End PBXFileReference section */

/* Begin PBXFrameworksBuildPhase section */
		A6614CA920A5645800F4B9B0 /* Frameworks */ = {
			isa = PBXFrameworksBuildPhase;
			buildActionMask = 2147483647;
			files = (
			);
			runOnlyForDeploymentPostprocessing = 0;
		};
/* End PBXFrameworksBuildPhase section */

/* Begin PBXGroup section */
		A6614CA320A5645800F4B9B0 = {
			isa = PBXGroup;
			children = (
				A6614CAE20A5645800F4B9B0 /* Fickle - Trending Chat App */,
				A6614CAD20A5645800F4B9B0 /* Products */,
			);
			sourceTree = "<group>";
		};
		A6614CAD20A5645800F4B9B0 /* Products */ = {
			isa = PBXGroup;
			children = (
				A6614CAC20A5645800F4B9B0 /* Fickle - Trending Chat App.app */,
			);
			name = Products;
			sourceTree = "<group>";
		};
		A6614CAE20A5645800F4B9B0 /* Fickle - Trending Chat App */ = {
			isa = PBXGroup;
			children = (
				A6614CAF20A5645800F4B9B0 /* AppDelegate.swift */,
				A6614CB120A5645800F4B9B0 /* ViewController.swift */,
				A6614CB320A5645800F4B9B0 /* Main.storyboard */,
				A6614CB620A5645800F4B9B0 /* Assets.xcassets */,
				A6614CB820A5645800F4B9B0 /* LaunchScreen.storyboard */,
				A6614CBB20A5645800F4B9B0 /* Info.plist */,
			);
			path = "Fickle - Trending Chat App";
			sourceTree = "<group>";
		};
/* End PBXGroup section */

/* Begin PBXNativeTarget section */
		A6614CAB20A5645800F4B9B0 /* Fickle - Trending Chat App */ = {
			isa = PBXNativeTarget;
			buildConfigurationList = A6614CBE20A5645800F4B9B0 /* Build configuration list for PBXNativeTarget "Fickle - Trending Chat App" */;
			buildPhases = (
				A6614CA820A5645800F4B9B0 /* Sources */,
				A6614CA920A5645800F4B9B0 /* Frameworks */,
				A6614CAA20A5645800F4B9B0 /* Resources */,
			);
			buildRules = (
			);
			dependencies = (
			);
			name = "Fickle - Trending Chat App";
			productName = "Fickle - Trending Chat App";
			productReference = A6614CAC20A5645800F4B9B0 /* Fickle - Trending Chat App.app */;
			productType = "com.apple.product-type.application";
		};
/* End PBXNativeTarget section */

/* Begin PBXProject section */
		A6614CA420A5645800F4B9B0 /* Project object */ = {
			isa = PBXProject;
			attributes = {
				LastSwiftUpdateCheck = 0900;
				LastUpgradeCheck = 0900;
				ORGANIZATIONNAME = "Hunter Sparrow";
				TargetAttributes = {
					A6614CAB20A5645800F4B9B0 = {
						CreatedOnToolsVersion = 9.0;
						ProvisioningStyle = Automatic;
					};
				};
			};
			buildConfigurationList = A6614CA720A5645800F4B9B0 /* Build configuration list for PBXProject "Fickle - Trending Chat App" */;
			compatibilityVersion = "Xcode 8.0";
			developmentRegion = en;
			hasScannedForEncodings = 0;
			knownRegions = (
				en,
				Base,
			);
			mainGroup = A6614CA320A5645800F4B9B0;
			productRefGroup = A6614CAD20A5645800F4B9B0 /* Products */;
			projectDirPath = "";
			projectRoot = "";
			targets = (
				A6614CAB20A5645800F4B9B0 /* Fickle - Trending Chat App */,
			);
		};
/* End PBXProject section */

/* Begin PBXResourcesBuildPhase section */
		A6614CAA20A5645800F4B9B0 /* Resources */ = {
			isa = PBXResourcesBuildPhase;
			buildActionMask = 2147483647;
			files = (
				A6614CBA20A5645800F4B9B0 /* LaunchScreen.storyboard in Resources */,
				A6614CB720A5645800F4B9B0 /* Assets.xcassets in Resources */,
				A6614CB520A5645800F4B9B0 /* Main.storyboard in Resources */,
			);
			runOnlyForDeploymentPostprocessing = 0;
		};
/* End PBXResourcesBuildPhase section */

/* Begin PBXSourcesBuildPhase section */
		A6614CA820A5645800F4B9B0 /* Sources */ = {
			isa = PBXSourcesBuildPhase;
			buildActionMask = 2147483647;
			files = (
				A6614CB220A5645800F4B9B0 /* ViewController.swift in Sources */,
				A6614CB020A5645800F4B9B0 /* AppDelegate.swift in Sources */,
			);
			runOnlyForDeploymentPostprocessing = 0;
		};
/* End PBXSourcesBuildPhase section */

/* Begin PBXVariantGroup section */
		A6614CB320A5645800F4B9B0 /* Main.storyboard */ = {
			isa = PBXVariantGroup;
			children = (
				A6614CB420A5645800F4B9B0 /* Base */,
			);
			name = Main.storyboard;
			sourceTree = "<group>";
		};
		A6614CB820A5645800F4B9B0 /* LaunchScreen.storyboard */ = {
			isa = PBXVariantGroup;
			children = (
				A6614CB920A5645800F4B9B0 /* Base */,
			);
			name = LaunchScreen.storyboard;
			sourceTree = "<group>";
		};
/* End PBXVariantGroup section */

/* Begin XCBuildConfiguration section */
		A6614CBC20A5645800F4B9B0 /* Debug */ = {
			isa = XCBuildConfiguration;
			buildSettings = {
				ALWAYS_SEARCH_USER_PATHS = NO;
				CLANG_ANALYZER_NONNULL = YES;
				CLANG_ANALYZER_NUMBER_OBJECT_CONVERSION = YES_AGGRESSIVE;
				CLANG_CXX_LANGUAGE_STANDARD = "gnu++14";
				CLANG_CXX_LIBRARY = "libc++";
				CLANG_ENABLE_MODULES = YES;
				CLANG_ENABLE_OBJC_ARC = YES;
				CLANG_WARN_BLOCK_CAPTURE_AUTORELEASING = YES;
				CLANG_WARN_BOOL_CONVERSION = YES;
				CLANG_WARN_COMMA = YES;
				CLANG_WARN_CONSTANT_CONVERSION = YES;
				CLANG_WARN_DIRECT_OBJC_ISA_USAGE = YES_ERROR;
				CLANG_WARN_DOCUMENTATION_COMMENTS = YES;
				CLANG_WARN_EMPTY_BODY = YES;
				CLANG_WARN_ENUM_CONVERSION = YES;
				CLANG_WARN_INFINITE_RECURSION = YES;
				CLANG_WARN_INT_CONVERSION = YES;
				CLANG_WARN_NON_LITERAL_NULL_CONVERSION = YES;
				CLANG_WARN_OBJC_LITERAL_CONVERSION = YES;
				CLANG_WARN_OBJC_ROOT_CLASS = YES_ERROR;
				CLANG_WARN_RANGE_LOOP_ANALYSIS = YES;
				CLANG_WARN_STRICT_PROTOTYPES = YES;
				CLANG_WARN_SUSPICIOUS_MOVE = YES;
				CLANG_WARN_UNGUARDED_AVAILABILITY = YES_AGGRESSIVE;
				CLANG_WARN_UNREACHABLE_CODE = YES;
				CLANG_WARN__DUPLICATE_METHOD_MATCH = YES;
				CODE_SIGN_IDENTITY = "iPhone Developer";
				COPY_PHASE_STRIP = NO;
				DEBUG_INFORMATION_FORMAT = dwarf;
				ENABLE_STRICT_OBJC_MSGSEND = YES;
				ENABLE_TESTABILITY = YES;
				GCC_C_LANGUAGE_STANDARD = gnu11;
				GCC_DYNAMIC_NO_PIC = NO;
				GCC_NO_COMMON_BLOCKS = YES;
				GCC_OPTIMIZATION_LEVEL = 0;
				GCC_PREPROCESSOR_DEFINITIONS = (
					"DEBUG=1",
					"$(inherited)",
				);
				GCC_WARN_64_TO_32_BIT_CONVERSION = YES;
				GCC_WARN_ABOUT_RETURN_TYPE = YES_ERROR;
				GCC_WARN_UNDECLARED_SELECTOR = YES;
				GCC_WARN_UNINITIALIZED_AUTOS = YES_AGGRESSIVE;
				GCC_WARN_UNUSED_FUNCTION = YES;
				GCC_WARN_UNUSED_VARIABLE = YES;
				IPHONEOS_DEPLOYMENT_TARGET = 11.0;
				MTL_ENABLE_DEBUG_INFO = YES;
				ONLY_ACTIVE_ARCH = YES;
				SDKROOT = iphoneos;
				SWIFT_ACTIVE_COMPILATION_CONDITIONS = DEBUG;
				SWIFT_OPTIMIZATION_LEVEL = "-Onone";
			};
			name = Debug;
		};
		A6614CBD20A5645800F4B9B0 /* Release */ = {
			isa = XCBuildConfiguration;
			buildSettings = {
				ALWAYS_SEARCH_USER_PATHS = NO;
				CLANG_ANALYZER_NONNULL = YES;
				CLANG_ANALYZER_NUMBER_OBJECT_CONVERSION = YES_AGGRESSIVE;
				CLANG_CXX_LANGUAGE_STANDARD = "gnu++14";
				CLANG_CXX_LIBRARY = "libc++";
				CLANG_ENABLE_MODULES = YES;
				CLANG_ENABLE_OBJC_ARC = YES;
				CLANG_WARN_BLOCK_CAPTURE_AUTORELEASING = YES;
				CLANG_WARN_BOOL_CONVERSION = YES;
				CLANG_WARN_COMMA = YES;
				CLANG_WARN_CONSTANT_CONVERSION = YES;
				CLANG_WARN_DIRECT_OBJC_ISA_USAGE = YES_ERROR;
				CLANG_WARN_DOCUMENTATION_COMMENTS = YES;
				CLANG_WARN_EMPTY_BODY = YES;
				CLANG_WARN_ENUM_CONVERSION = YES;
				CLANG_WARN_INFINITE_RECURSION = YES;
				CLANG_WARN_INT_CONVERSION = YES;
				CLANG_WARN_NON_LITERAL_NULL_CONVERSION = YES;
				CLANG_WARN_OBJC_LITERAL_CONVERSION = YES;
				CLANG_WARN_OBJC_ROOT_CLASS = YES_ERROR;
				CLANG_WARN_RANGE_LOOP_ANALYSIS = YES;
				CLANG_WARN_STRICT_PROTOTYPES = YES;
				CLANG_WARN_SUSPICIOUS_MOVE = YES;
				CLANG_WARN_UNGUARDED_AVAILABILITY = YES_AGGRESSIVE;
				CLANG_WARN_UNREACHABLE_CODE = YES;
				CLANG_WARN__DUPLICATE_METHOD_MATCH = YES;
				CODE_SIGN_IDENTITY = "iPhone Developer";
				COPY_PHASE_STRIP = NO;
				DEBUG_INFORMATION_FORMAT = "dwarf-with-dsym";
				ENABLE_NS_ASSERTIONS = NO;
				ENABLE_STRICT_OBJC_MSGSEND = YES;
				GCC_C_LANGUAGE_STANDARD = gnu11;
				GCC_NO_COMMON_BLOCKS = YES;
				GCC_WARN_64_TO_32_BIT_CONVERSION = YES;
				GCC_WARN_ABOUT_RETURN_TYPE = YES_ERROR;
				GCC_WARN_UNDECLARED_SELECTOR = YES;
				GCC_WARN_UNINITIALIZED_AUTOS = YES_AGGRESSIVE;
				GCC_WARN_UNUSED_FUNCTION = YES;
				GCC_WARN_UNUSED_VARIABLE = YES;
				IPHONEOS_DEPLOYMENT_TARGET = 11.0;
				MTL_ENABLE_DEBUG_INFO = NO;
				SDKROOT = iphoneos;
				SWIFT_OPTIMIZATION_LEVEL = "-Owholemodule";
				VALIDATE_PRODUCT = YES;
			};
			name = Release;
		};
		A6614CBF20A5645800F4B9B0 /* Debug */ = {
			isa = XCBuildConfiguration;
			buildSettings = {
				ASSETCATALOG_COMPILER_APPICON_NAME = AppIcon;
				CODE_SIGN_STYLE = Automatic;
				DEVELOPMENT_TEAM = ZW9GDABBQ3;
				INFOPLIST_FILE = "Fickle - Trending Chat App/Info.plist";
				LD_RUNPATH_SEARCH_PATHS = "$(inherited) @executable_path/Frameworks";
				PRODUCT_BUNDLE_IDENTIFIER = "com.huntersparrow.Fickle---Trending-Chat-App";
				PRODUCT_NAME = "$(TARGET_NAME)";
				SWIFT_VERSION = 4.0;
				TARGETED_DEVICE_FAMILY = "1,2";
			};
			name = Debug;
		};
		A6614CC020A5645800F4B9B0 /* Release */ = {
			isa = XCBuildConfiguration;
			buildSettings = {
				ASSETCATALOG_COMPILER_APPICON_NAME = AppIcon;
				CODE_SIGN_STYLE = Automatic;
				DEVELOPMENT_TEAM = ZW9GDABBQ3;
				INFOPLIST_FILE = "Fickle - Trending Chat App/Info.plist";
				LD_RUNPATH_SEARCH_PATHS = "$(inherited) @executable_path/Frameworks";
				PRODUCT_BUNDLE_IDENTIFIER = "com.huntersparrow.Fickle---Trending-Chat-App";
				PRODUCT_NAME = "$(TARGET_NAME)";
				SWIFT_VERSION = 4.0;
				TARGETED_DEVICE_FAMILY = "1,2";
			};
			name = Release;
		};
/* End XCBuildConfiguration section */

/* Begin XCConfigurationList section */
		A6614CA720A5645800F4B9B0 /* Build configuration list for PBXProject "Fickle - Trending Chat App" */ = {
			isa = XCConfigurationList;
			buildConfigurations = (
				A6614CBC20A5645800F4B9B0 /* Debug */,
				A6614CBD20A5645800F4B9B0 /* Release */,
			);
			defaultConfigurationIsVisible = 0;
			defaultConfigurationName = Release;
		};
		A6614CBE20A5645800F4B9B0 /* Build configuration list for PBXNativeTarget "Fickle - Trending Chat App" */ = {
			isa = XCConfigurationList;
			buildConfigurations = (
				A6614CBF20A5645800F4B9B0 /* Debug */,
				A6614CC020A5645800F4B9B0 /* Release */,
			);
			defaultConfigurationIsVisible = 0;
			defaultConfigurationName = Release;
		};
/* End XCConfigurationList section */
	};
	rootObject = A6614CA420A5645800F4B9B0 /* Project object */;
}
